
Microsoft Visual Studio Solution File, Format Version 12.00
# Visual Studio Version 17
VisualStudioVersion = 17.11.35327.3
MinimumVisualStudioVersion = 10.0.40219.1
Project("{FAE04EC0-301F-11D3-BF4B-00C04F79EFBC}") = "Lab2", "Lab2\Lab2.csproj", "{5736E1E5-5CAE-4F4D-95BA-0538F72BD01E}"
EndProject
Global
	GlobalSection(SolutionConfigurationPlatforms) = preSolution
		Debug|Any CPU = Debug|Any CPU
		Release|Any CPU = Release|Any CPU
	EndGlobalSection
	GlobalSection(ProjectConfigurationPlatforms) = postSolution
		{5736E1E5-5CAE-4F4D-95BA-0538F72BD01E}.Debug|Any CPU.ActiveCfg = Debug|Any CPU
		{5736E1E5-5CAE-4F4D-95BA-0538F72BD01E}.Debug|Any CPU.Build.0 = Debug|Any CPU
		{5736E1E5-5CAE-4F4D-95BA-0538F72BD01E}.Release|Any CPU.ActiveCfg = Release|Any CPU
		{5736E1E5-5CAE-4F4D-95BA-0538F72BD01E}.Release|Any CPU.Build.0 = Release|Any CPU
	EndGlobalSection
	GlobalSection(SolutionProperties) = preSolution
		HideSolutionNode = FALSE
	EndGlobalSection
	GlobalSection(ExtensibilityGlobals) = postSolution
		SolutionGuid = {3662A220-03CC-43FA-B9B1-20087BE7EF27}
	EndGlobalSection
EndGlobal
